
Microsoft Visual Studio Solution File, Format Version 12.00
# Visual Studio 2012
Project("{FAE04EC0-301F-11D3-BF4B-00C04F79EFBC}") = "Aysa.PPEMobile.iOS", "Aysa.PPEMobile.iOS.csproj", "{C949A051-02A9-439E-A169-F23A4A6A8C68}"
EndProject
Global
	GlobalSection(SolutionConfigurationPlatforms) = preSolution
		Debug|iPhoneSimulator = Debug|iPhoneSimulator
		Release|iPhone = Release|iPhone
		Release|iPhoneSimulator = Release|iPhoneSimulator
		Debug|iPhone = Debug|iPhone
	EndGlobalSection
	GlobalSection(ProjectConfigurationPlatforms) = postSolution
		{C949A051-02A9-439E-A169-F23A4A6A8C68}.Debug|iPhoneSimulator.ActiveCfg = Debug|iPhoneSimulator
		{C949A051-02A9-439E-A169-F23A4A6A8C68}.Debug|iPhoneSimulator.Build.0 = Debug|iPhoneSimulator
		{C949A051-02A9-439E-A169-F23A4A6A8C68}.Release|iPhone.ActiveCfg = Release|iPhone
		{C949A051-02A9-439E-A169-F23A4A6A8C68}.Release|iPhone.Build.0 = Release|iPhone
		{C949A051-02A9-439E-A169-F23A4A6A8C68}.Release|iPhoneSimulator.ActiveCfg = Release|iPhoneSimulator
		{C949A051-02A9-439E-A169-F23A4A6A8C68}.Release|iPhoneSimulator.Build.0 = Release|iPhoneSimulator
		{C949A051-02A9-439E-A169-F23A4A6A8C68}.Debug|iPhone.ActiveCfg = Debug|iPhone
		{C949A051-02A9-439E-A169-F23A4A6A8C68}.Debug|iPhone.Build.0 = Debug|iPhone
	EndGlobalSection
EndGlobal
